
Microsoft Visual Studio Solution File, Format Version 12.00
# Visual Studio Version 17
VisualStudioVersion = 17.5.33424.131
MinimumVisualStudioVersion = 10.0.40219.1
Project("{FAE04EC0-301F-11D3-BF4B-00C04F79EFBC}") = "HangfireSample", "HangfireSample\HangfireSample.csproj", "{452FD7A6-4761-463A-804E-E8407B8CBF7D}"
EndProject
Global
	GlobalSection(SolutionConfigurationPlatforms) = preSolution
		Debug|Any CPU = Debug|Any CPU
		Release|Any CPU = Release|Any CPU
	EndGlobalSection
	GlobalSection(ProjectConfigurationPlatforms) = postSolution
		{452FD7A6-4761-463A-804E-E8407B8CBF7D}.Debug|Any CPU.ActiveCfg = Debug|Any CPU
		{452FD7A6-4761-463A-804E-E8407B8CBF7D}.Debug|Any CPU.Build.0 = Debug|Any CPU
		{452FD7A6-4761-463A-804E-E8407B8CBF7D}.Release|Any CPU.ActiveCfg = Release|Any CPU
		{452FD7A6-4761-463A-804E-E8407B8CBF7D}.Release|Any CPU.Build.0 = Release|Any CPU
	EndGlobalSection
	GlobalSection(SolutionProperties) = preSolution
		HideSolutionNode = FALSE
	EndGlobalSection
	GlobalSection(ExtensibilityGlobals) = postSolution
		SolutionGuid = {2A22A4EF-923A-42D1-816C-6BE1DA3D0A9C}
	EndGlobalSection
EndGlobal
